
Microsoft Visual Studio Solution File, Format Version 12.00
# Visual Studio Version 17
VisualStudioVersion = 17.7.34024.191
MinimumVisualStudioVersion = 10.0.40219.1
Project("{FAE04EC0-301F-11D3-BF4B-00C04F79EFBC}") = "ej12", "ej12\ej12.csproj", "{06CF7F38-B8CD-4AB4-9E5E-9B1C69B03715}"
EndProject
Global
	GlobalSection(SolutionConfigurationPlatforms) = preSolution
		Debug|Any CPU = Debug|Any CPU
		Release|Any CPU = Release|Any CPU
	EndGlobalSection
	GlobalSection(ProjectConfigurationPlatforms) = postSolution
		{06CF7F38-B8CD-4AB4-9E5E-9B1C69B03715}.Debug|Any CPU.ActiveCfg = Debug|Any CPU
		{06CF7F38-B8CD-4AB4-9E5E-9B1C69B03715}.Debug|Any CPU.Build.0 = Debug|Any CPU
		{06CF7F38-B8CD-4AB4-9E5E-9B1C69B03715}.Release|Any CPU.ActiveCfg = Release|Any CPU
		{06CF7F38-B8CD-4AB4-9E5E-9B1C69B03715}.Release|Any CPU.Build.0 = Release|Any CPU
	EndGlobalSection
	GlobalSection(SolutionProperties) = preSolution
		HideSolutionNode = FALSE
	EndGlobalSection
	GlobalSection(ExtensibilityGlobals) = postSolution
		SolutionGuid = {9027CE6A-A191-422D-91CB-54D1930BDA46}
	EndGlobalSection
EndGlobal
