
Microsoft Visual Studio Solution File, Format Version 12.00
# Visual Studio Version 17
VisualStudioVersion = 17.7.34024.191
MinimumVisualStudioVersion = 10.0.40219.1
Project("{9A19103F-16F7-4668-BE54-9A1E7A4F7556}") = "EJ123", "EJ123\EJ123.csproj", "{91F04208-BC0C-44F8-BA8E-A1054FF59EB2}"
EndProject
Project("{FAE04EC0-301F-11D3-BF4B-00C04F79EFBC}") = "Entidades", "Entidades\Entidades.csproj", "{39B2314A-A727-4E0B-A6C7-7D977D417EA7}"
EndProject
Global
	GlobalSection(SolutionConfigurationPlatforms) = preSolution
		Debug|Any CPU = Debug|Any CPU
		Release|Any CPU = Release|Any CPU
	EndGlobalSection
	GlobalSection(ProjectConfigurationPlatforms) = postSolution
		{91F04208-BC0C-44F8-BA8E-A1054FF59EB2}.Debug|Any CPU.ActiveCfg = Debug|Any CPU
		{91F04208-BC0C-44F8-BA8E-A1054FF59EB2}.Debug|Any CPU.Build.0 = Debug|Any CPU
		{91F04208-BC0C-44F8-BA8E-A1054FF59EB2}.Release|Any CPU.ActiveCfg = Release|Any CPU
		{91F04208-BC0C-44F8-BA8E-A1054FF59EB2}.Release|Any CPU.Build.0 = Release|Any CPU
		{39B2314A-A727-4E0B-A6C7-7D977D417EA7}.Debug|Any CPU.ActiveCfg = Debug|Any CPU
		{39B2314A-A727-4E0B-A6C7-7D977D417EA7}.Debug|Any CPU.Build.0 = Debug|Any CPU
		{39B2314A-A727-4E0B-A6C7-7D977D417EA7}.Release|Any CPU.ActiveCfg = Release|Any CPU
		{39B2314A-A727-4E0B-A6C7-7D977D417EA7}.Release|Any CPU.Build.0 = Release|Any CPU
	EndGlobalSection
	GlobalSection(SolutionProperties) = preSolution
		HideSolutionNode = FALSE
	EndGlobalSection
	GlobalSection(ExtensibilityGlobals) = postSolution
		SolutionGuid = {7299D5FB-02E1-4B00-9BF2-012255B0961E}
	EndGlobalSection
EndGlobal
